# THIS IS AN AUTOGENERATED FILE. DO NOT EDIT THIS FILE DIRECTLY.
# yarn lockfile v1


async@^2.1.5:
  version "2.6.0"
  resolved "https://registry.yarnpkg.com/async/-/async-2.6.0.tgz#61a29abb6fcc026fea77e56d1c6ec53a795951f4"
  dependencies:
    lodash "^4.14.0"

ejs@^2.5.6:
  version "2.5.7"
  resolved "https://registry.yarnpkg.com/ejs/-/ejs-2.5.7.tgz#cc872c168880ae3c7189762fd5ffc00896c9518a"

lodash@^4.14.0:
  version "4.17.5"
  resolved "https://registry.yarnpkg.com/lodash/-/lodash-4.17.5.tgz#99a92d65c0272debe8c96b6057bc8fbfa3bed511"

node-forge@^0.7.0, node-forge@^0.7.1:
  version "0.7.1"
  resolved "https://registry.yarnpkg.com/node-forge/-/node-forge-0.7.1.tgz#9da611ea08982f4b94206b3beb4cc9665f20c300"

passport-saml@^0.32.1:
  version "0.32.1"
  resolved "https://registry.yarnpkg.com/passport-saml/-/passport-saml-0.32.1.tgz#f5345c07f94a180a0afd89ba53838873ec7b0a97"
  dependencies:
    passport-strategy "*"
    q "^1.5.0"
    xml-crypto "^0.10.1"
    xml-encryption "^0.11.0"
    xml2js "0.4.x"
    xmlbuilder "^9.0.4"
    xmldom "0.1.x"

passport-strategy@*:
  version "1.0.0"
  resolved "https://registry.yarnpkg.com/passport-strategy/-/passport-strategy-1.0.0.tgz#b5539aa8fc225a3d1ad179476ddf236b440f52e4"

q@^1.5.0:
  version "1.5.1"
  resolved "https://registry.yarnpkg.com/q/-/q-1.5.1.tgz#7e32f75b41381291d04611f1bf14109ac00651d7"

sax@>=0.6.0:
  version "1.2.4"
  resolved "https://registry.yarnpkg.com/sax/-/sax-1.2.4.tgz#2816234e2378bddc4e5354fab5caa895df7100d9"

xml-crypto@^0.10.1:
  version "0.10.1"
  resolved "https://registry.yarnpkg.com/xml-crypto/-/xml-crypto-0.10.1.tgz#f832f74ccf56f24afcae1163a1fcab44d96774a8"
  dependencies:
    xmldom "=0.1.19"
    xpath.js ">=0.0.3"

xml-encryption@^0.11.0:
  version "0.11.0"
  resolved "https://registry.yarnpkg.com/xml-encryption/-/xml-encryption-0.11.0.tgz#458c2cb7d0300ff62d304c74eb3ded08ca97456b"
  dependencies:
    async "^2.1.5"
    ejs "^2.5.6"
    node-forge "^0.7.0"
    xmldom "~0.1.15"
    xpath "0.0.24"

xml2js@0.4.x:
  version "0.4.19"
  resolved "https://registry.yarnpkg.com/xml2js/-/xml2js-0.4.19.tgz#686c20f213209e94abf0d1bcf1efaa291c7827a7"
  dependencies:
    sax ">=0.6.0"
    xmlbuilder "~9.0.1"

xmlbuilder@^9.0.4, xmlbuilder@~9.0.1:
  version "9.0.4"
  resolved "https://registry.yarnpkg.com/xmlbuilder/-/xmlbuilder-9.0.4.tgz#519cb4ca686d005a8420d3496f3f0caeecca580f"

xmldom@0.1.x, xmldom@^0.1.27, xmldom@~0.1.15:
  version "0.1.27"
  resolved "https://registry.yarnpkg.com/xmldom/-/xmldom-0.1.27.tgz#d501f97b3bdb403af8ef9ecc20573187aadac0e9"

xmldom@=0.1.19:
  version "0.1.19"
  resolved "https://registry.yarnpkg.com/xmldom/-/xmldom-0.1.19.tgz#631fc07776efd84118bf25171b37ed4d075a0abc"

xpath.js@>=0.0.3, xpath.js@^1.1.0:
  version "1.1.0"
  resolved "https://registry.yarnpkg.com/xpath.js/-/xpath.js-1.1.0.tgz#3816a44ed4bb352091083d002a383dd5104a5ff1"

xpath@0.0.24:
  version "0.0.24"
  resolved "https://registry.yarnpkg.com/xpath/-/xpath-0.0.24.tgz#1ade162e1cc523c8d39fc7d06afc16ea216f29fb"
